
Microsoft Visual Studio Solution File, Format Version 12.00
# Visual Studio Version 17
VisualStudioVersion = 17.14.36109.1 d17.14
MinimumVisualStudioVersion = 10.0.40219.1
Project("{FAE04EC0-301F-11D3-BF4B-00C04F79EFBC}") = "Project13", "Project13\Project13.csproj", "{78F98B6D-0ABF-4A67-A502-E541D90B603A}"
EndProject
Project("{FAE04EC0-301F-11D3-BF4B-00C04F79EFBC}") = "Project13form", "Project13form\Project13form.csproj", "{5E92E914-B847-485B-B4E3-99BB69AE2CF3}"
EndProject
Global
	GlobalSection(SolutionConfigurationPlatforms) = preSolution
		Debug|Any CPU = Debug|Any CPU
		Release|Any CPU = Release|Any CPU
	EndGlobalSection
	GlobalSection(ProjectConfigurationPlatforms) = postSolution
		{78F98B6D-0ABF-4A67-A502-E541D90B603A}.Debug|Any CPU.ActiveCfg = Debug|Any CPU
		{78F98B6D-0ABF-4A67-A502-E541D90B603A}.Debug|Any CPU.Build.0 = Debug|Any CPU
		{78F98B6D-0ABF-4A67-A502-E541D90B603A}.Release|Any CPU.ActiveCfg = Release|Any CPU
		{78F98B6D-0ABF-4A67-A502-E541D90B603A}.Release|Any CPU.Build.0 = Release|Any CPU
		{5E92E914-B847-485B-B4E3-99BB69AE2CF3}.Debug|Any CPU.ActiveCfg = Debug|Any CPU
		{5E92E914-B847-485B-B4E3-99BB69AE2CF3}.Debug|Any CPU.Build.0 = Debug|Any CPU
		{5E92E914-B847-485B-B4E3-99BB69AE2CF3}.Release|Any CPU.ActiveCfg = Release|Any CPU
		{5E92E914-B847-485B-B4E3-99BB69AE2CF3}.Release|Any CPU.Build.0 = Release|Any CPU
	EndGlobalSection
	GlobalSection(SolutionProperties) = preSolution
		HideSolutionNode = FALSE
	EndGlobalSection
	GlobalSection(ExtensibilityGlobals) = postSolution
		SolutionGuid = {A97ACA9F-436F-4E5E-8C58-1277A6E468A5}
	EndGlobalSection
EndGlobal
