
Microsoft Visual Studio Solution File, Format Version 12.00
# Visual Studio Version 17
VisualStudioVersion = 17.13.35919.96 d17.13
MinimumVisualStudioVersion = 10.0.40219.1
Project("{FAE04EC0-301F-11D3-BF4B-00C04F79EFBC}") = "Project5", "Project5.csproj", "{ABF37798-938C-4CFB-B0C7-CF94FDA34230}"
EndProject
Global
	GlobalSection(SolutionConfigurationPlatforms) = preSolution
		Debug|Any CPU = Debug|Any CPU
		Release|Any CPU = Release|Any CPU
	EndGlobalSection
	GlobalSection(ProjectConfigurationPlatforms) = postSolution
		{ABF37798-938C-4CFB-B0C7-CF94FDA34230}.Debug|Any CPU.ActiveCfg = Debug|Any CPU
		{ABF37798-938C-4CFB-B0C7-CF94FDA34230}.Debug|Any CPU.Build.0 = Debug|Any CPU
		{ABF37798-938C-4CFB-B0C7-CF94FDA34230}.Release|Any CPU.ActiveCfg = Release|Any CPU
		{ABF37798-938C-4CFB-B0C7-CF94FDA34230}.Release|Any CPU.Build.0 = Release|Any CPU
	EndGlobalSection
	GlobalSection(SolutionProperties) = preSolution
		HideSolutionNode = FALSE
	EndGlobalSection
	GlobalSection(ExtensibilityGlobals) = postSolution
		SolutionGuid = {1B3C12F1-CD36-4000-9C60-7D59AC0152AE}
	EndGlobalSection
EndGlobal
